// !$*UTF8*$!
{
	archiveVersion = 1;
	classes = {
	};
	objectVersion = 46;
	objects = {

/* Begin PBXBuildFile section */
		461BCF241DBE0FEA00F9E688 /* main.m in Sources */ = {isa = PBXBuildFile; fileRef = 461BCF231DBE0FEA00F9E688 /* main.m */; };
		461BCF271DBE0FEA00F9E688 /* AppDelegate.m in Sources */ = {isa = PBXBuildFile; fileRef = 461BCF261DBE0FEA00F9E688 /* AppDelegate.m */; };
		461BCF2A1DBE0FEA00F9E688 /* ViewController.m in Sources */ = {isa = PBXBuildFile; fileRef = 461BCF291DBE0FEA00F9E688 /* ViewController.m */; };
		461BCF2D1DBE0FEA00F9E688 /* Main.storyboard in Resources */ = {isa = PBXBuildFile; fileRef = 461BCF2B1DBE0FEA00F9E688 /* Main.storyboard */; };
		461BCF2F1DBE0FEA00F9E688 /* Assets.xcassets in Resources */ = {isa = PBXBuildFile; fileRef = 461BCF2E1DBE0FEA00F9E688 /* Assets.xcassets */; };
		461BCF321DBE0FEA00F9E688 /* LaunchScreen.storyboard in Resources */ = {isa = PBXBuildFile; fileRef = 461BCF301DBE0FEA00F9E688 /* LaunchScreen.storyboard */; };
		4620E71C1E6CFEA0009595C1 /* UITableView+LMProjectTools.m in Sources */ = {isa = PBXBuildFile; fileRef = 4620E71B1E6CFEA0009595C1 /* UITableView+LMProjectTools.m */; };
		4620E7201E6D0264009595C1 /* TestCell1.m in Sources */ = {isa = PBXBuildFile; fileRef = 4620E71E1E6D0264009595C1 /* TestCell1.m */; };
		4620E7211E6D0264009595C1 /* TestCell1.xib in Resources */ = {isa = PBXBuildFile; fileRef = 4620E71F1E6D0264009595C1 /* TestCell1.xib */; };
		4620E7241E6D0F47009595C1 /* TestHead1.m in Sources */ = {isa = PBXBuildFile; fileRef = 4620E7231E6D0F47009595C1 /* TestHead1.m */; };
		4620E7261E6D0F56009595C1 /* TestHead1.xib in Resources */ = {isa = PBXBuildFile; fileRef = 4620E7251E6D0F56009595C1 /* TestHead1.xib */; };
		4620E72C1E6D10C8009595C1 /* UICollectionView+LMProjectTools.m in Sources */ = {isa = PBXBuildFile; fileRef = 4620E72B1E6D10C8009595C1 /* UICollectionView+LMProjectTools.m */; };
		4636DF521DD57FC3009E0830 /* NSMutableArray+LMProjectTools.m in Sources */ = {isa = PBXBuildFile; fileRef = 4636DF4A1DD57FC3009E0830 /* NSMutableArray+LMProjectTools.m */; };
		4636DF531DD57FC3009E0830 /* NSMutableDictionary+LMProjectTools.m in Sources */ = {isa = PBXBuildFile; fileRef = 4636DF4C1DD57FC3009E0830 /* NSMutableDictionary+LMProjectTools.m */; };
		4636DF541DD57FC3009E0830 /* UIView+LMProjectTools.m in Sources */ = {isa = PBXBuildFile; fileRef = 4636DF501DD57FC3009E0830 /* UIView+LMProjectTools.m */; };
		4636DF5E1DD5BA2A009E0830 /* UIImage+LMProjectTools.m in Sources */ = {isa = PBXBuildFile; fileRef = 4636DF5D1DD5BA2A009E0830 /* UIImage+LMProjectTools.m */; };
		463D65FD1DD9ABA300AE4161 /* NSDictionary+LMProjectTools.m in Sources */ = {isa = PBXBuildFile; fileRef = 463D65FC1DD9ABA300AE4161 /* NSDictionary+LMProjectTools.m */; };
		463D66021DD9B4EB00AE4161 /* NSArray+LMProjectTools.m in Sources */ = {isa = PBXBuildFile; fileRef = 463D66011DD9B4EB00AE4161 /* NSArray+LMProjectTools.m */; };
		463D66051DD9B58F00AE4161 /* NSObject+LMProjectTools.m in Sources */ = {isa = PBXBuildFile; fileRef = 463D66041DD9B58F00AE4161 /* NSObject+LMProjectTools.m */; };
		463D66081DD9C84700AE4161 /* NSString+LMProjectTools.m in Sources */ = {isa = PBXBuildFile; fileRef = 463D66071DD9C84700AE4161 /* NSString+LMProjectTools.m */; };
		4652F8DD1F4423B100770842 /* UIColor+LMProjectTools.m in Sources */ = {isa = PBXBuildFile; fileRef = 4652F8DC1F4423B100770842 /* UIColor+LMProjectTools.m */; };
		46E375361E9E291700AA84A7 /* LMAutoLoadXibView.m in Sources */ = {isa = PBXBuildFile; fileRef = 46E375321E9E291700AA84A7 /* LMAutoLoadXibView.m */; };
		46E375371E9E291700AA84A7 /* LMLoadXibView.m in Sources */ = {isa = PBXBuildFile; fileRef = 46E375351E9E291700AA84A7 /* LMLoadXibView.m */; };
		46E3753A1E9E295100AA84A7 /* TestLoadXibView.m in Sources */ = {isa = PBXBuildFile; fileRef = 46E375391E9E295100AA84A7 /* TestLoadXibView.m */; };
		46E3753C1E9E296300AA84A7 /* TestLoadXibView.xib in Resources */ = {isa = PBXBuildFile; fileRef = 46E3753B1E9E296300AA84A7 /* TestLoadXibView.xib */; };
		46E3753F1E9E2A1C00AA84A7 /* TestAutoLoadXibView.m in Sources */ = {isa = PBXBuildFile; fileRef = 46E3753E1E9E2A1C00AA84A7 /* TestAutoLoadXibView.m */; };
		46E375411E9E2A2400AA84A7 /* TestAutoLoadXibView.xib in Resources */ = {isa = PBXBuildFile; fileRef = 46E375401E9E2A2400AA84A7 /* TestAutoLoadXibView.xib */; };
		46E375471E9E2C3B00AA84A7 /* LMLoadXibViewController.m in Sources */ = {isa = PBXBuildFile; fileRef = 46E375451E9E2C3B00AA84A7 /* LMLoadXibViewController.m */; };
		46E375481E9E2C3B00AA84A7 /* LMLoadXibViewController.xib in Resources */ = {isa = PBXBuildFile; fileRef = 46E375461E9E2C3B00AA84A7 /* LMLoadXibViewController.xib */; };
/* End PBXBuildFile section */

/* Begin PBXFileReference section */
		461BCF1F1DBE0FEA00F9E688 /* LMProjectToolsDemo.app */ = {isa = PBXFileReference; explicitFileType = wrapper.application; includeInIndex = 0; path = LMProjectToolsDemo.app; sourceTree = BUILT_PRODUCTS_DIR; };
		461BCF231DBE0FEA00F9E688 /* main.m */ = {isa = PBXFileReference; lastKnownFileType = sourcecode.c.objc; path = main.m; sourceTree = "<group>"; };
		461BCF251DBE0FEA00F9E688 /* AppDelegate.h */ = {isa = PBXFileReference; lastKnownFileType = sourcecode.c.h; path = AppDelegate.h; sourceTree = "<group>"; };
		461BCF261DBE0FEA00F9E688 /* AppDelegate.m */ = {isa = PBXFileReference; lastKnownFileType = sourcecode.c.objc; path = AppDelegate.m; sourceTree = "<group>"; };
		461BCF281DBE0FEA00F9E688 /* ViewController.h */ = {isa = PBXFileReference; lastKnownFileType = sourcecode.c.h; name = ViewController.h; path = ../ViewController.h; sourceTree = "<group>"; };
		461BCF291DBE0FEA00F9E688 /* ViewController.m */ = {isa = PBXFileReference; lastKnownFileType = sourcecode.c.objc; name = ViewController.m; path = ../ViewController.m; sourceTree = "<group>"; };
		461BCF2C1DBE0FEA00F9E688 /* Base */ = {isa = PBXFileReference; lastKnownFileType = file.storyboard; name = Base; path = Base.lproj/Main.storyboard; sourceTree = "<group>"; };
		461BCF2E1DBE0FEA00F9E688 /* Assets.xcassets */ = {isa = PBXFileReference; lastKnownFileType = folder.assetcatalog; path = Assets.xcassets; sourceTree = "<group>"; };
		461BCF311DBE0FEA00F9E688 /* Base */ = {isa = PBXFileReference; lastKnownFileType = file.storyboard; name = Base; path = Base.lproj/LaunchScreen.storyboard; sourceTree = "<group>"; };
		461BCF331DBE0FEA00F9E688 /* Info.plist */ = {isa = PBXFileReference; lastKnownFileType = text.plist.xml; path = Info.plist; sourceTree = "<group>"; };
		461BCF421DBE100B00F9E688 /* LMProjectTools.h */ = {isa = PBXFileReference; fileEncoding = 4; lastKnownFileType = sourcecode.c.h; path = LMProjectTools.h; sourceTree = "<group>"; };
		4620E71A1E6CFEA0009595C1 /* UITableView+LMProjectTools.h */ = {isa = PBXFileReference; fileEncoding = 4; lastKnownFileType = sourcecode.c.h; path = "UITableView+LMProjectTools.h"; sourceTree = "<group>"; };
		4620E71B1E6CFEA0009595C1 /* UITableView+LMProjectTools.m */ = {isa = PBXFileReference; fileEncoding = 4; lastKnownFileType = sourcecode.c.objc; path = "UITableView+LMProjectTools.m"; sourceTree = "<group>"; };
		4620E71D1E6D0264009595C1 /* TestCell1.h */ = {isa = PBXFileReference; fileEncoding = 4; lastKnownFileType = sourcecode.c.h; name = TestCell1.h; path = ../TestCell1.h; sourceTree = "<group>"; };
		4620E71E1E6D0264009595C1 /* TestCell1.m */ = {isa = PBXFileReference; fileEncoding = 4; lastKnownFileType = sourcecode.c.objc; name = TestCell1.m; path = ../TestCell1.m; sourceTree = "<group>"; };
		4620E71F1E6D0264009595C1 /* TestCell1.xib */ = {isa = PBXFileReference; fileEncoding = 4; lastKnownFileType = file.xib; name = TestCell1.xib; path = ../TestCell1.xib; sourceTree = "<group>"; };
		4620E7221E6D0F47009595C1 /* TestHead1.h */ = {isa = PBXFileReference; fileEncoding = 4; lastKnownFileType = sourcecode.c.h; name = TestHead1.h; path = ../TestHead1.h; sourceTree = "<group>"; };
		4620E7231E6D0F47009595C1 /* TestHead1.m */ = {isa = PBXFileReference; fileEncoding = 4; lastKnownFileType = sourcecode.c.objc; name = TestHead1.m; path = ../TestHead1.m; sourceTree = "<group>"; };
		4620E7251E6D0F56009595C1 /* TestHead1.xib */ = {isa = PBXFileReference; fileEncoding = 4; lastKnownFileType = file.xib; name = TestHead1.xib; path = ../TestHead1.xib; sourceTree = "<group>"; };
		4620E72A1E6D10C8009595C1 /* UICollectionView+LMProjectTools.h */ = {isa = PBXFileReference; fileEncoding = 4; lastKnownFileType = sourcecode.c.h; path = "UICollectionView+LMProjectTools.h"; sourceTree = "<group>"; };
		4620E72B1E6D10C8009595C1 /* UICollectionView+LMProjectTools.m */ = {isa = PBXFileReference; fileEncoding = 4; lastKnownFileType = sourcecode.c.objc; path = "UICollectionView+LMProjectTools.m"; sourceTree = "<group>"; };
		4636DF451DD57FC3009E0830 /* LMFoundation.h */ = {isa = PBXFileReference; fileEncoding = 4; lastKnownFileType = sourcecode.c.h; path = LMFoundation.h; sourceTree = "<group>"; };
		4636DF491DD57FC3009E0830 /* NSMutableArray+LMProjectTools.h */ = {isa = PBXFileReference; fileEncoding = 4; lastKnownFileType = sourcecode.c.h; path = "NSMutableArray+LMProjectTools.h"; sourceTree = "<group>"; };
		4636DF4A1DD57FC3009E0830 /* NSMutableArray+LMProjectTools.m */ = {isa = PBXFileReference; fileEncoding = 4; lastKnownFileType = sourcecode.c.objc; path = "NSMutableArray+LMProjectTools.m"; sourceTree = "<group>"; };
		4636DF4B1DD57FC3009E0830 /* NSMutableDictionary+LMProjectTools.h */ = {isa = PBXFileReference; fileEncoding = 4; lastKnownFileType = sourcecode.c.h; path = "NSMutableDictionary+LMProjectTools.h"; sourceTree = "<group>"; };
		4636DF4C1DD57FC3009E0830 /* NSMutableDictionary+LMProjectTools.m */ = {isa = PBXFileReference; fileEncoding = 4; lastKnownFileType = sourcecode.c.objc; path = "NSMutableDictionary+LMProjectTools.m"; sourceTree = "<group>"; };
		4636DF4D1DD57FC3009E0830 /* LMNSLog.h */ = {isa = PBXFileReference; fileEncoding = 4; lastKnownFileType = sourcecode.c.h; path = LMNSLog.h; sourceTree = "<group>"; };
		4636DF4F1DD57FC3009E0830 /* UIView+LMProjectTools.h */ = {isa = PBXFileReference; fileEncoding = 4; lastKnownFileType = sourcecode.c.h; path = "UIView+LMProjectTools.h"; sourceTree = "<group>"; };
		4636DF501DD57FC3009E0830 /* UIView+LMProjectTools.m */ = {isa = PBXFileReference; fileEncoding = 4; lastKnownFileType = sourcecode.c.objc; path = "UIView+LMProjectTools.m"; sourceTree = "<group>"; };
		4636DF5C1DD5BA2A009E0830 /* UIImage+LMProjectTools.h */ = {isa = PBXFileReference; fileEncoding = 4; lastKnownFileType = sourcecode.c.h; path = "UIImage+LMProjectTools.h"; sourceTree = "<group>"; };
		4636DF5D1DD5BA2A009E0830 /* UIImage+LMProjectTools.m */ = {isa = PBXFileReference; fileEncoding = 4; lastKnownFileType = sourcecode.c.objc; path = "UIImage+LMProjectTools.m"; sourceTree = "<group>"; };
		4636DF5F1DD5BAE5009E0830 /* LMUIKit.h */ = {isa = PBXFileReference; lastKnownFileType = sourcecode.c.h; path = LMUIKit.h; sourceTree = "<group>"; };
		463D65FB1DD9ABA300AE4161 /* NSDictionary+LMProjectTools.h */ = {isa = PBXFileReference; fileEncoding = 4; lastKnownFileType = sourcecode.c.h; path = "NSDictionary+LMProjectTools.h"; sourceTree = "<group>"; };
		463D65FC1DD9ABA300AE4161 /* NSDictionary+LMProjectTools.m */ = {isa = PBXFileReference; fileEncoding = 4; lastKnownFileType = sourcecode.c.objc; path = "NSDictionary+LMProjectTools.m"; sourceTree = "<group>"; };
		463D66001DD9B4EB00AE4161 /* NSArray+LMProjectTools.h */ = {isa = PBXFileReference; fileEncoding = 4; lastKnownFileType = sourcecode.c.h; path = "NSArray+LMProjectTools.h"; sourceTree = "<group>"; };
		463D66011DD9B4EB00AE4161 /* NSArray+LMProjectTools.m */ = {isa = PBXFileReference; fileEncoding = 4; lastKnownFileType = sourcecode.c.objc; path = "NSArray+LMProjectTools.m"; sourceTree = "<group>"; };
		463D66031DD9B58F00AE4161 /* NSObject+LMProjectTools.h */ = {isa = PBXFileReference; fileEncoding = 4; lastKnownFileType = sourcecode.c.h; path = "NSObject+LMProjectTools.h"; sourceTree = "<group>"; };
		463D66041DD9B58F00AE4161 /* NSObject+LMProjectTools.m */ = {isa = PBXFileReference; fileEncoding = 4; lastKnownFileType = sourcecode.c.objc; path = "NSObject+LMProjectTools.m"; sourceTree = "<group>"; };
		463D66061DD9C84700AE4161 /* NSString+LMProjectTools.h */ = {isa = PBXFileReference; fileEncoding = 4; lastKnownFileType = sourcecode.c.h; path = "NSString+LMProjectTools.h"; sourceTree = "<group>"; };
		463D66071DD9C84700AE4161 /* NSString+LMProjectTools.m */ = {isa = PBXFileReference; fileEncoding = 4; lastKnownFileType = sourcecode.c.objc; path = "NSString+LMProjectTools.m"; sourceTree = "<group>"; };
		4652F8DB1F4423B100770842 /* UIColor+LMProjectTools.h */ = {isa = PBXFileReference; lastKnownFileType = sourcecode.c.h; path = "UIColor+LMProjectTools.h"; sourceTree = "<group>"; };
		4652F8DC1F4423B100770842 /* UIColor+LMProjectTools.m */ = {isa = PBXFileReference; lastKnownFileType = sourcecode.c.objc; path = "UIColor+LMProjectTools.m"; sourceTree = "<group>"; };
		46E375311E9E291700AA84A7 /* LMAutoLoadXibView.h */ = {isa = PBXFileReference; fileEncoding = 4; lastKnownFileType = sourcecode.c.h; path = LMAutoLoadXibView.h; sourceTree = "<group>"; };
		46E375321E9E291700AA84A7 /* LMAutoLoadXibView.m */ = {isa = PBXFileReference; fileEncoding = 4; lastKnownFileType = sourcecode.c.objc; path = LMAutoLoadXibView.m; sourceTree = "<group>"; };
		46E375331E9E291700AA84A7 /* LMLoadXibHeader.h */ = {isa = PBXFileReference; fileEncoding = 4; lastKnownFileType = sourcecode.c.h; path = LMLoadXibHeader.h; sourceTree = "<group>"; };
		46E375341E9E291700AA84A7 /* LMLoadXibView.h */ = {isa = PBXFileReference; fileEncoding = 4; lastKnownFileType = sourcecode.c.h; path = LMLoadXibView.h; sourceTree = "<group>"; };
		46E375351E9E291700AA84A7 /* LMLoadXibView.m */ = {isa = PBXFileReference; fileEncoding = 4; lastKnownFileType = sourcecode.c.objc; path = LMLoadXibView.m; sourceTree = "<group>"; };
		46E375381E9E295100AA84A7 /* TestLoadXibView.h */ = {isa = PBXFileReference; fileEncoding = 4; lastKnownFileType = sourcecode.c.h; name = TestLoadXibView.h; path = ../TestLoadXibView.h; sourceTree = "<group>"; };
		46E375391E9E295100AA84A7 /* TestLoadXibView.m */ = {isa = PBXFileReference; fileEncoding = 4; lastKnownFileType = sourcecode.c.objc; name = TestLoadXibView.m; path = ../TestLoadXibView.m; sourceTree = "<group>"; };
		46E3753B1E9E296300AA84A7 /* TestLoadXibView.xib */ = {isa = PBXFileReference; fileEncoding = 4; lastKnownFileType = file.xib; name = TestLoadXibView.xib; path = ../TestLoadXibView.xib; sourceTree = "<group>"; };
		46E3753D1E9E2A1C00AA84A7 /* TestAutoLoadXibView.h */ = {isa = PBXFileReference; fileEncoding = 4; lastKnownFileType = sourcecode.c.h; name = TestAutoLoadXibView.h; path = ../TestAutoLoadXibView.h; sourceTree = "<group>"; };
		46E3753E1E9E2A1C00AA84A7 /* TestAutoLoadXibView.m */ = {isa = PBXFileReference; fileEncoding = 4; lastKnownFileType = sourcecode.c.objc; name = TestAutoLoadXibView.m; path = ../TestAutoLoadXibView.m; sourceTree = "<group>"; };
		46E375401E9E2A2400AA84A7 /* TestAutoLoadXibView.xib */ = {isa = PBXFileReference; fileEncoding = 4; lastKnownFileType = file.xib; name = TestAutoLoadXibView.xib; path = ../TestAutoLoadXibView.xib; sourceTree = "<group>"; };
		46E375441E9E2C3B00AA84A7 /* LMLoadXibViewController.h */ = {isa = PBXFileReference; fileEncoding = 4; lastKnownFileType = sourcecode.c.h; path = LMLoadXibViewController.h; sourceTree = "<group>"; };
		46E375451E9E2C3B00AA84A7 /* LMLoadXibViewController.m */ = {isa = PBXFileReference; fileEncoding = 4; lastKnownFileType = sourcecode.c.objc; path = LMLoadXibViewController.m; sourceTree = "<group>"; };
		46E375461E9E2C3B00AA84A7 /* LMLoadXibViewController.xib */ = {isa = PBXFileReference; fileEncoding = 4; lastKnownFileType = file.xib; path = LMLoadXibViewController.xib; sourceTree = "<group>"; };
/* End PBXFileReference section */

/* Begin PBXFrameworksBuildPhase section */
		461BCF1C1DBE0FEA00F9E688 /* Frameworks */ = {
			isa = PBXFrameworksBuildPhase;
			buildActionMask = 2147483647;
			files = (
			);
			runOnlyForDeploymentPostprocessing = 0;
		};
/* End PBXFrameworksBuildPhase section */

/* Begin PBXGroup section */
		461BCF161DBE0FEA00F9E688 = {
			isa = PBXGroup;
			children = (
				461BCF391DBE100B00F9E688 /* LMProjectTools */,
				461BCF211DBE0FEA00F9E688 /* LMProjectToolsDemo */,
				461BCF201DBE0FEA00F9E688 /* Products */,
			);
			sourceTree = "<group>";
		};
		461BCF201DBE0FEA00F9E688 /* Products */ = {
			isa = PBXGroup;
			children = (
				461BCF1F1DBE0FEA00F9E688 /* LMProjectToolsDemo.app */,
			);
			name = Products;
			sourceTree = "<group>";
		};
		461BCF211DBE0FEA00F9E688 /* LMProjectToolsDemo */ = {
			isa = PBXGroup;
			children = (
				46E375421E9E2C1800AA84A7 /* Controller */,
				46E375431E9E2C1800AA84A7 /* View */,
				461BCF251DBE0FEA00F9E688 /* AppDelegate.h */,
				461BCF261DBE0FEA00F9E688 /* AppDelegate.m */,
				461BCF2B1DBE0FEA00F9E688 /* Main.storyboard */,
				461BCF2E1DBE0FEA00F9E688 /* Assets.xcassets */,
				461BCF301DBE0FEA00F9E688 /* LaunchScreen.storyboard */,
				461BCF331DBE0FEA00F9E688 /* Info.plist */,
				461BCF221DBE0FEA00F9E688 /* Supporting Files */,
			);
			path = LMProjectToolsDemo;
			sourceTree = "<group>";
		};
		461BCF221DBE0FEA00F9E688 /* Supporting Files */ = {
			isa = PBXGroup;
			children = (
				461BCF231DBE0FEA00F9E688 /* main.m */,
			);
			name = "Supporting Files";
			sourceTree = "<group>";
		};
		461BCF391DBE100B00F9E688 /* LMProjectTools */ = {
			isa = PBXGroup;
			children = (
				461BCF421DBE100B00F9E688 /* LMProjectTools.h */,
				4636DF441DD57FC3009E0830 /* Foundation */,
				4636DF4E1DD57FC3009E0830 /* UIKit */,
			);
			path = LMProjectTools;
			sourceTree = "<group>";
		};
		4636DF441DD57FC3009E0830 /* Foundation */ = {
			isa = PBXGroup;
			children = (
				4636DF451DD57FC3009E0830 /* LMFoundation.h */,
				4636DF4D1DD57FC3009E0830 /* LMNSLog.h */,
				463D66031DD9B58F00AE4161 /* NSObject+LMProjectTools.h */,
				463D66041DD9B58F00AE4161 /* NSObject+LMProjectTools.m */,
				463D66001DD9B4EB00AE4161 /* NSArray+LMProjectTools.h */,
				463D66011DD9B4EB00AE4161 /* NSArray+LMProjectTools.m */,
				4636DF491DD57FC3009E0830 /* NSMutableArray+LMProjectTools.h */,
				4636DF4A1DD57FC3009E0830 /* NSMutableArray+LMProjectTools.m */,
				463D65FB1DD9ABA300AE4161 /* NSDictionary+LMProjectTools.h */,
				463D65FC1DD9ABA300AE4161 /* NSDictionary+LMProjectTools.m */,
				4636DF4B1DD57FC3009E0830 /* NSMutableDictionary+LMProjectTools.h */,
				4636DF4C1DD57FC3009E0830 /* NSMutableDictionary+LMProjectTools.m */,
				463D66061DD9C84700AE4161 /* NSString+LMProjectTools.h */,
				463D66071DD9C84700AE4161 /* NSString+LMProjectTools.m */,
			);
			path = Foundation;
			sourceTree = "<group>";
		};
		4636DF4E1DD57FC3009E0830 /* UIKit */ = {
			isa = PBXGroup;
			children = (
				46E375301E9E291700AA84A7 /* LMAutoLoadXibView */,
				4636DF5F1DD5BAE5009E0830 /* LMUIKit.h */,
				4636DF4F1DD57FC3009E0830 /* UIView+LMProjectTools.h */,
				4636DF501DD57FC3009E0830 /* UIView+LMProjectTools.m */,
				4636DF5C1DD5BA2A009E0830 /* UIImage+LMProjectTools.h */,
				4636DF5D1DD5BA2A009E0830 /* UIImage+LMProjectTools.m */,
				4620E71A1E6CFEA0009595C1 /* UITableView+LMProjectTools.h */,
				4620E71B1E6CFEA0009595C1 /* UITableView+LMProjectTools.m */,
				4620E72A1E6D10C8009595C1 /* UICollectionView+LMProjectTools.h */,
				4620E72B1E6D10C8009595C1 /* UICollectionView+LMProjectTools.m */,
				4652F8DB1F4423B100770842 /* UIColor+LMProjectTools.h */,
				4652F8DC1F4423B100770842 /* UIColor+LMProjectTools.m */,
			);
			path = UIKit;
			sourceTree = "<group>";
		};
		46E375301E9E291700AA84A7 /* LMAutoLoadXibView */ = {
			isa = PBXGroup;
			children = (
				46E375331E9E291700AA84A7 /* LMLoadXibHeader.h */,
				46E375311E9E291700AA84A7 /* LMAutoLoadXibView.h */,
				46E375321E9E291700AA84A7 /* LMAutoLoadXibView.m */,
				46E375341E9E291700AA84A7 /* LMLoadXibView.h */,
				46E375351E9E291700AA84A7 /* LMLoadXibView.m */,
			);
			path = LMAutoLoadXibView;
			sourceTree = "<group>";
		};
		46E375421E9E2C1800AA84A7 /* Controller */ = {
			isa = PBXGroup;
			children = (
				461BCF281DBE0FEA00F9E688 /* ViewController.h */,
				461BCF291DBE0FEA00F9E688 /* ViewController.m */,
				46E375441E9E2C3B00AA84A7 /* LMLoadXibViewController.h */,
				46E375451E9E2C3B00AA84A7 /* LMLoadXibViewController.m */,
				46E375461E9E2C3B00AA84A7 /* LMLoadXibViewController.xib */,
			);
			path = Controller;
			sourceTree = "<group>";
		};
		46E375431E9E2C1800AA84A7 /* View */ = {
			isa = PBXGroup;
			children = (
				46E375381E9E295100AA84A7 /* TestLoadXibView.h */,
				46E375391E9E295100AA84A7 /* TestLoadXibView.m */,
				46E3753B1E9E296300AA84A7 /* TestLoadXibView.xib */,
				46E3753D1E9E2A1C00AA84A7 /* TestAutoLoadXibView.h */,
				46E3753E1E9E2A1C00AA84A7 /* TestAutoLoadXibView.m */,
				46E375401E9E2A2400AA84A7 /* TestAutoLoadXibView.xib */,
				4620E71D1E6D0264009595C1 /* TestCell1.h */,
				4620E71E1E6D0264009595C1 /* TestCell1.m */,
				4620E71F1E6D0264009595C1 /* TestCell1.xib */,
				4620E7221E6D0F47009595C1 /* TestHead1.h */,
				4620E7231E6D0F47009595C1 /* TestHead1.m */,
				4620E7251E6D0F56009595C1 /* TestHead1.xib */,
			);
			path = View;
			sourceTree = "<group>";
		};
/* End PBXGroup section */

/* Begin PBXNativeTarget section */
		461BCF1E1DBE0FEA00F9E688 /* LMProjectToolsDemo */ = {
			isa = PBXNativeTarget;
			buildConfigurationList = 461BCF361DBE0FEA00F9E688 /* Build configuration list for PBXNativeTarget "LMProjectToolsDemo" */;
			buildPhases = (
				461BCF1B1DBE0FEA00F9E688 /* Sources */,
				461BCF1C1DBE0FEA00F9E688 /* Frameworks */,
				461BCF1D1DBE0FEA00F9E688 /* Resources */,
			);
			buildRules = (
			);
			dependencies = (
			);
			name = LMProjectToolsDemo;
			productName = LMProjectToolsDemo;
			productReference = 461BCF1F1DBE0FEA00F9E688 /* LMProjectToolsDemo.app */;
			productType = "com.apple.product-type.application";
		};
/* End PBXNativeTarget section */

/* Begin PBXProject section */
		461BCF171DBE0FEA00F9E688 /* Project object */ = {
			isa = PBXProject;
			attributes = {
				LastUpgradeCheck = 0820;
				ORGANIZATIONNAME = "流氓";
				TargetAttributes = {
					461BCF1E1DBE0FEA00F9E688 = {
						CreatedOnToolsVersion = 8.0;
						DevelopmentTeam = RSS58UZ4J5;
						LastSwiftMigration = 0800;
						ProvisioningStyle = Manual;
					};
				};
			};
			buildConfigurationList = 461BCF1A1DBE0FEA00F9E688 /* Build configuration list for PBXProject "LMProjectToolsDemo" */;
			compatibilityVersion = "Xcode 3.2";
			developmentRegion = English;
			hasScannedForEncodings = 0;
			knownRegions = (
				en,
				Base,
			);
			mainGroup = 461BCF161DBE0FEA00F9E688;
			productRefGroup = 461BCF201DBE0FEA00F9E688 /* Products */;
			projectDirPath = "";
			projectRoot = "";
			targets = (
				461BCF1E1DBE0FEA00F9E688 /* LMProjectToolsDemo */,
			);
		};
/* End PBXProject section */

/* Begin PBXResourcesBuildPhase section */
		461BCF1D1DBE0FEA00F9E688 /* Resources */ = {
			isa = PBXResourcesBuildPhase;
			buildActionMask = 2147483647;
			files = (
				46E375411E9E2A2400AA84A7 /* TestAutoLoadXibView.xib in Resources */,
				461BCF321DBE0FEA00F9E688 /* LaunchScreen.storyboard in Resources */,
				461BCF2F1DBE0FEA00F9E688 /* Assets.xcassets in Resources */,
				46E3753C1E9E296300AA84A7 /* TestLoadXibView.xib in Resources */,
				4620E7261E6D0F56009595C1 /* TestHead1.xib in Resources */,
				461BCF2D1DBE0FEA00F9E688 /* Main.storyboard in Resources */,
				4620E7211E6D0264009595C1 /* TestCell1.xib in Resources */,
				46E375481E9E2C3B00AA84A7 /* LMLoadXibViewController.xib in Resources */,
			);
			runOnlyForDeploymentPostprocessing = 0;
		};
/* End PBXResourcesBuildPhase section */

/* Begin PBXSourcesBuildPhase section */
		461BCF1B1DBE0FEA00F9E688 /* Sources */ = {
			isa = PBXSourcesBuildPhase;
			buildActionMask = 2147483647;
			files = (
				4636DF5E1DD5BA2A009E0830 /* UIImage+LMProjectTools.m in Sources */,
				4636DF531DD57FC3009E0830 /* NSMutableDictionary+LMProjectTools.m in Sources */,
				46E375371E9E291700AA84A7 /* LMLoadXibView.m in Sources */,
				463D66051DD9B58F00AE4161 /* NSObject+LMProjectTools.m in Sources */,
				4652F8DD1F4423B100770842 /* UIColor+LMProjectTools.m in Sources */,
				463D66021DD9B4EB00AE4161 /* NSArray+LMProjectTools.m in Sources */,
				461BCF2A1DBE0FEA00F9E688 /* ViewController.m in Sources */,
				4636DF521DD57FC3009E0830 /* NSMutableArray+LMProjectTools.m in Sources */,
				461BCF271DBE0FEA00F9E688 /* AppDelegate.m in Sources */,
				461BCF241DBE0FEA00F9E688 /* main.m in Sources */,
				4620E71C1E6CFEA0009595C1 /* UITableView+LMProjectTools.m in Sources */,
				4620E72C1E6D10C8009595C1 /* UICollectionView+LMProjectTools.m in Sources */,
				46E375471E9E2C3B00AA84A7 /* LMLoadXibViewController.m in Sources */,
				4636DF541DD57FC3009E0830 /* UIView+LMProjectTools.m in Sources */,
				46E3753A1E9E295100AA84A7 /* TestLoadXibView.m in Sources */,
				463D66081DD9C84700AE4161 /* NSString+LMProjectTools.m in Sources */,
				4620E7241E6D0F47009595C1 /* TestHead1.m in Sources */,
				463D65FD1DD9ABA300AE4161 /* NSDictionary+LMProjectTools.m in Sources */,
				46E375361E9E291700AA84A7 /* LMAutoLoadXibView.m in Sources */,
				4620E7201E6D0264009595C1 /* TestCell1.m in Sources */,
				46E3753F1E9E2A1C00AA84A7 /* TestAutoLoadXibView.m in Sources */,
			);
			runOnlyForDeploymentPostprocessing = 0;
		};
/* End PBXSourcesBuildPhase section */

/* Begin PBXVariantGroup section */
		461BCF2B1DBE0FEA00F9E688 /* Main.storyboard */ = {
			isa = PBXVariantGroup;
			children = (
				461BCF2C1DBE0FEA00F9E688 /* Base */,
			);
			name = Main.storyboard;
			sourceTree = "<group>";
		};
		461BCF301DBE0FEA00F9E688 /* LaunchScreen.storyboard */ = {
			isa = PBXVariantGroup;
			children = (
				461BCF311DBE0FEA00F9E688 /* Base */,
			);
			name = LaunchScreen.storyboard;
			sourceTree = "<group>";
		};
/* End PBXVariantGroup section */

/* Begin XCBuildConfiguration section */
		461BCF341DBE0FEA00F9E688 /* Debug */ = {
			isa = XCBuildConfiguration;
			buildSettings = {
				ALWAYS_SEARCH_USER_PATHS = NO;
				CLANG_ANALYZER_NONNULL = YES;
				CLANG_CXX_LANGUAGE_STANDARD = "gnu++0x";
				CLANG_CXX_LIBRARY = "libc++";
				CLANG_ENABLE_MODULES = YES;
				CLANG_ENABLE_OBJC_ARC = YES;
				CLANG_WARN_BOOL_CONVERSION = YES;
				CLANG_WARN_CONSTANT_CONVERSION = YES;
				CLANG_WARN_DIRECT_OBJC_ISA_USAGE = YES_ERROR;
				CLANG_WARN_DOCUMENTATION_COMMENTS = YES;
				CLANG_WARN_EMPTY_BODY = YES;
				CLANG_WARN_ENUM_CONVERSION = YES;
				CLANG_WARN_INFINITE_RECURSION = YES;
				CLANG_WARN_INT_CONVERSION = YES;
				CLANG_WARN_OBJC_ROOT_CLASS = YES_ERROR;
				CLANG_WARN_SUSPICIOUS_MOVE = YES;
				CLANG_WARN_SUSPICIOUS_MOVES = YES;
				CLANG_WARN_UNREACHABLE_CODE = YES;
				CLANG_WARN__DUPLICATE_METHOD_MATCH = YES;
				"CODE_SIGN_IDENTITY[sdk=iphoneos*]" = "iPhone Developer";
				COPY_PHASE_STRIP = NO;
				DEBUG_INFORMATION_FORMAT = dwarf;
				ENABLE_STRICT_OBJC_MSGSEND = YES;
				ENABLE_TESTABILITY = YES;
				GCC_C_LANGUAGE_STANDARD = gnu99;
				GCC_DYNAMIC_NO_PIC = NO;
				GCC_NO_COMMON_BLOCKS = YES;
				GCC_OPTIMIZATION_LEVEL = 0;
				GCC_PREPROCESSOR_DEFINITIONS = (
					"DEBUG=1",
					"$(inherited)",
				);
				GCC_WARN_64_TO_32_BIT_CONVERSION = YES;
				GCC_WARN_ABOUT_RETURN_TYPE = YES_ERROR;
				GCC_WARN_UNDECLARED_SELECTOR = YES;
				GCC_WARN_UNINITIALIZED_AUTOS = YES_AGGRESSIVE;
				GCC_WARN_UNUSED_FUNCTION = YES;
				GCC_WARN_UNUSED_VARIABLE = YES;
				IPHONEOS_DEPLOYMENT_TARGET = 8.0;
				MTL_ENABLE_DEBUG_INFO = YES;
				ONLY_ACTIVE_ARCH = YES;
				SDKROOT = iphoneos;
				TARGETED_DEVICE_FAMILY = "1,2";
			};
			name = Debug;
		};
		461BCF351DBE0FEA00F9E688 /* Release */ = {
			isa = XCBuildConfiguration;
			buildSettings = {
				ALWAYS_SEARCH_USER_PATHS = NO;
				CLANG_ANALYZER_NONNULL = YES;
				CLANG_CXX_LANGUAGE_STANDARD = "gnu++0x";
				CLANG_CXX_LIBRARY = "libc++";
				CLANG_ENABLE_MODULES = YES;
				CLANG_ENABLE_OBJC_ARC = YES;
				CLANG_WARN_BOOL_CONVERSION = YES;
				CLANG_WARN_CONSTANT_CONVERSION = YES;
				CLANG_WARN_DIRECT_OBJC_ISA_USAGE = YES_ERROR;
				CLANG_WARN_DOCUMENTATION_COMMENTS = YES;
				CLANG_WARN_EMPTY_BODY = YES;
				CLANG_WARN_ENUM_CONVERSION = YES;
				CLANG_WARN_INFINITE_RECURSION = YES;
				CLANG_WARN_INT_CONVERSION = YES;
				CLANG_WARN_OBJC_ROOT_CLASS = YES_ERROR;
				CLANG_WARN_SUSPICIOUS_MOVE = YES;
				CLANG_WARN_SUSPICIOUS_MOVES = YES;
				CLANG_WARN_UNREACHABLE_CODE = YES;
				CLANG_WARN__DUPLICATE_METHOD_MATCH = YES;
				"CODE_SIGN_IDENTITY[sdk=iphoneos*]" = "iPhone Developer";
				COPY_PHASE_STRIP = NO;
				DEBUG_INFORMATION_FORMAT = "dwarf-with-dsym";
				ENABLE_NS_ASSERTIONS = NO;
				ENABLE_STRICT_OBJC_MSGSEND = YES;
				GCC_C_LANGUAGE_STANDARD = gnu99;
				GCC_NO_COMMON_BLOCKS = YES;
				GCC_WARN_64_TO_32_BIT_CONVERSION = YES;
				GCC_WARN_ABOUT_RETURN_TYPE = YES_ERROR;
				GCC_WARN_UNDECLARED_SELECTOR = YES;
				GCC_WARN_UNINITIALIZED_AUTOS = YES_AGGRESSIVE;
				GCC_WARN_UNUSED_FUNCTION = YES;
				GCC_WARN_UNUSED_VARIABLE = YES;
				IPHONEOS_DEPLOYMENT_TARGET = 8.0;
				MTL_ENABLE_DEBUG_INFO = NO;
				SDKROOT = iphoneos;
				TARGETED_DEVICE_FAMILY = "1,2";
				VALIDATE_PRODUCT = YES;
			};
			name = Release;
		};
		461BCF371DBE0FEA00F9E688 /* Debug */ = {
			isa = XCBuildConfiguration;
			buildSettings = {
				ASSETCATALOG_COMPILER_APPICON_NAME = AppIcon;
				CODE_SIGN_IDENTITY = "iPhone Developer: ailing xing (2ABJCUADFU)";
				"CODE_SIGN_IDENTITY[sdk=iphoneos*]" = "iPhone Developer: ailing xing (2ABJCUADFU)";
				CODE_SIGN_STYLE = Manual;
				DEVELOPMENT_TEAM = RSS58UZ4J5;
				GCC_INCREASE_PRECOMPILED_HEADER_SHARING = NO;
				GCC_PRECOMPILE_PREFIX_HEADER = NO;
				GCC_PREFIX_HEADER = "";
				INFOPLIST_FILE = LMProjectToolsDemo/Info.plist;
				IPHONEOS_DEPLOYMENT_TARGET = 8.0;
				LD_RUNPATH_SEARCH_PATHS = "$(inherited) @executable_path/Frameworks";
				PRODUCT_BUNDLE_IDENTIFIER = com.visionet.LMProjectToolsDemo;
				PRODUCT_NAME = "$(TARGET_NAME)";
				PROVISIONING_PROFILE = "2e1753f8-aacc-43d7-a6a4-b51fef789825";
				PROVISIONING_PROFILE_SPECIFIER = tj_dev;
				SWIFT_VERSION = 3.0;
			};
			name = Debug;
		};
		461BCF381DBE0FEA00F9E688 /* Release */ = {
			isa = XCBuildConfiguration;
			buildSettings = {
				ASSETCATALOG_COMPILER_APPICON_NAME = AppIcon;
				CODE_SIGN_IDENTITY = "iPhone Developer: ailing xing (2ABJCUADFU)";
				"CODE_SIGN_IDENTITY[sdk=iphoneos*]" = "iPhone Developer: ailing xing (2ABJCUADFU)";
				CODE_SIGN_STYLE = Manual;
				DEVELOPMENT_TEAM = RSS58UZ4J5;
				GCC_INCREASE_PRECOMPILED_HEADER_SHARING = NO;
				GCC_PRECOMPILE_PREFIX_HEADER = NO;
				GCC_PREFIX_HEADER = "";
				INFOPLIST_FILE = LMProjectToolsDemo/Info.plist;
				IPHONEOS_DEPLOYMENT_TARGET = 8.0;
				LD_RUNPATH_SEARCH_PATHS = "$(inherited) @executable_path/Frameworks";
				PRODUCT_BUNDLE_IDENTIFIER = com.visionet.LMProjectToolsDemo;
				PRODUCT_NAME = "$(TARGET_NAME)";
				PROVISIONING_PROFILE = "2e1753f8-aacc-43d7-a6a4-b51fef789825";
				PROVISIONING_PROFILE_SPECIFIER = tj_dev;
				SWIFT_VERSION = 3.0;
			};
			name = Release;
		};
/* End XCBuildConfiguration section */

/* Begin XCConfigurationList section */
		461BCF1A1DBE0FEA00F9E688 /* Build configuration list for PBXProject "LMProjectToolsDemo" */ = {
			isa = XCConfigurationList;
			buildConfigurations = (
				461BCF341DBE0FEA00F9E688 /* Debug */,
				461BCF351DBE0FEA00F9E688 /* Release */,
			);
			defaultConfigurationIsVisible = 0;
			defaultConfigurationName = Release;
		};
		461BCF361DBE0FEA00F9E688 /* Build configuration list for PBXNativeTarget "LMProjectToolsDemo" */ = {
			isa = XCConfigurationList;
			buildConfigurations = (
				461BCF371DBE0FEA00F9E688 /* Debug */,
				461BCF381DBE0FEA00F9E688 /* Release */,
			);
			defaultConfigurationIsVisible = 0;
			defaultConfigurationName = Release;
		};
/* End XCConfigurationList section */
	};
	rootObject = 461BCF171DBE0FEA00F9E688 /* Project object */;
}
